
Microsoft Visual Studio Solution File, Format Version 12.00
# Visual Studio Version 16
VisualStudioVersion = 16.0.31321.278
MinimumVisualStudioVersion = 10.0.40219.1
Project("{FAE04EC0-301F-11D3-BF4B-00C04F79EFBC}") = "Kursovaya work", "Kursovaya work\Kursovaya work.csproj", "{92E44E7F-32D2-41D1-89B2-621459DEA8B5}"
EndProject
Project("{FAE04EC0-301F-11D3-BF4B-00C04F79EFBC}") = "Library2", "Library2\Library2.csproj", "{5EC73118-04EA-4C7D-9F92-5F0D34B67128}"
EndProject
Global
	GlobalSection(SolutionConfigurationPlatforms) = preSolution
		Debug|Any CPU = Debug|Any CPU
		Release|Any CPU = Release|Any CPU
	EndGlobalSection
	GlobalSection(ProjectConfigurationPlatforms) = postSolution
		{92E44E7F-32D2-41D1-89B2-621459DEA8B5}.Debug|Any CPU.ActiveCfg = Debug|Any CPU
		{92E44E7F-32D2-41D1-89B2-621459DEA8B5}.Debug|Any CPU.Build.0 = Debug|Any CPU
		{92E44E7F-32D2-41D1-89B2-621459DEA8B5}.Release|Any CPU.ActiveCfg = Release|Any CPU
		{92E44E7F-32D2-41D1-89B2-621459DEA8B5}.Release|Any CPU.Build.0 = Release|Any CPU
		{5EC73118-04EA-4C7D-9F92-5F0D34B67128}.Debug|Any CPU.ActiveCfg = Debug|Any CPU
		{5EC73118-04EA-4C7D-9F92-5F0D34B67128}.Debug|Any CPU.Build.0 = Debug|Any CPU
		{5EC73118-04EA-4C7D-9F92-5F0D34B67128}.Release|Any CPU.ActiveCfg = Release|Any CPU
		{5EC73118-04EA-4C7D-9F92-5F0D34B67128}.Release|Any CPU.Build.0 = Release|Any CPU
	EndGlobalSection
	GlobalSection(SolutionProperties) = preSolution
		HideSolutionNode = FALSE
	EndGlobalSection
	GlobalSection(ExtensibilityGlobals) = postSolution
		SolutionGuid = {1D00BC94-3F94-4042-AB44-285BB046C95B}
	EndGlobalSection
EndGlobal
